// !$*UTF8*$!
{
	archiveVersion = 1;
	classes = {
	};
	objectVersion = 46;
	objects = {

/* Begin PBXBuildFile section */
		F220525A1CB37D6B00507FCC /* AppDelegate.swift in Sources */ = {isa = PBXBuildFile; fileRef = F22052591CB37D6B00507FCC /* AppDelegate.swift */; };
		F220525C1CB37D6B00507FCC /* TravelLocationMapViewController.swift in Sources */ = {isa = PBXBuildFile; fileRef = F220525B1CB37D6B00507FCC /* TravelLocationMapViewController.swift */; };
		F220525F1CB37D6B00507FCC /* Main.storyboard in Resources */ = {isa = PBXBuildFile; fileRef = F220525D1CB37D6B00507FCC /* Main.storyboard */; };
		F22052611CB37D6B00507FCC /* Assets.xcassets in Resources */ = {isa = PBXBuildFile; fileRef = F22052601CB37D6B00507FCC /* Assets.xcassets */; };
		F22052641CB37D6B00507FCC /* LaunchScreen.storyboard in Resources */ = {isa = PBXBuildFile; fileRef = F22052621CB37D6B00507FCC /* LaunchScreen.storyboard */; };
		F220526C1CB37DCB00507FCC /* MapKit.framework in Frameworks */ = {isa = PBXBuildFile; fileRef = F220526B1CB37DCB00507FCC /* MapKit.framework */; };
		F220526E1CB3853900507FCC /* CoreDataStackManager.swift in Sources */ = {isa = PBXBuildFile; fileRef = F220526D1CB3853900507FCC /* CoreDataStackManager.swift */; };
		F22052711CB3857D00507FCC /* Model.xcdatamodeld in Sources */ = {isa = PBXBuildFile; fileRef = F220526F1CB3857D00507FCC /* Model.xcdatamodeld */; };
		F22052731CB385C600507FCC /* Pin.swift in Sources */ = {isa = PBXBuildFile; fileRef = F22052721CB385C600507FCC /* Pin.swift */; };
		F231CCDE1CBB248500A91D3B /* PhotoCollectionViewCell.swift in Sources */ = {isa = PBXBuildFile; fileRef = F231CCDD1CBB248500A91D3B /* PhotoCollectionViewCell.swift */; };
		F2475FD31CB9DEE000332349 /* FlickrClient.swift in Sources */ = {isa = PBXBuildFile; fileRef = F2475FD21CB9DEE000332349 /* FlickrClient.swift */; };
		F2475FD51CB9DF7200332349 /* FlickrConstants.swift in Sources */ = {isa = PBXBuildFile; fileRef = F2475FD41CB9DF7200332349 /* FlickrConstants.swift */; };
		F25527681CBBEBCA0018F0DA /* Photo.swift in Sources */ = {isa = PBXBuildFile; fileRef = F25527671CBBEBCA0018F0DA /* Photo.swift */; };
		F257DDC61CC41B3D00F84373 /* GCDBlackBox.swift in Sources */ = {isa = PBXBuildFile; fileRef = F257DDC51CC41B3D00F84373 /* GCDBlackBox.swift */; };
		F29842F61CB4CF8D00423576 /* PhotoAlbumViewController.swift in Sources */ = {isa = PBXBuildFile; fileRef = F29842F51CB4CF8D00423576 /* PhotoAlbumViewController.swift */; };
		F2F549941CBD38E0001D6080 /* ImageCache.swift in Sources */ = {isa = PBXBuildFile; fileRef = F2F549931CBD38E0001D6080 /* ImageCache.swift */; };
/* End PBXBuildFile section */

/* Begin PBXFileReference section */
		F22052561CB37D6B00507FCC /* VirtualTourist.app */ = {isa = PBXFileReference; explicitFileType = wrapper.application; includeInIndex = 0; path = VirtualTourist.app; sourceTree = BUILT_PRODUCTS_DIR; };
		F22052591CB37D6B00507FCC /* AppDelegate.swift */ = {isa = PBXFileReference; lastKnownFileType = sourcecode.swift; path = AppDelegate.swift; sourceTree = "<group>"; };
		F220525B1CB37D6B00507FCC /* TravelLocationMapViewController.swift */ = {isa = PBXFileReference; lastKnownFileType = sourcecode.swift; path = TravelLocationMapViewController.swift; sourceTree = "<group>"; };
		F220525E1CB37D6B00507FCC /* Base */ = {isa = PBXFileReference; lastKnownFileType = file.storyboard; name = Base; path = Base.lproj/Main.storyboard; sourceTree = "<group>"; };
		F22052601CB37D6B00507FCC /* Assets.xcassets */ = {isa = PBXFileReference; lastKnownFileType = folder.assetcatalog; path = Assets.xcassets; sourceTree = "<group>"; };
		F22052631CB37D6B00507FCC /* Base */ = {isa = PBXFileReference; lastKnownFileType = file.storyboard; name = Base; path = Base.lproj/LaunchScreen.storyboard; sourceTree = "<group>"; };
		F22052651CB37D6B00507FCC /* Info.plist */ = {isa = PBXFileReference; lastKnownFileType = text.plist.xml; path = Info.plist; sourceTree = "<group>"; };
		F220526B1CB37DCB00507FCC /* MapKit.framework */ = {isa = PBXFileReference; lastKnownFileType = wrapper.framework; name = MapKit.framework; path = System/Library/Frameworks/MapKit.framework; sourceTree = SDKROOT; };
		F220526D1CB3853900507FCC /* CoreDataStackManager.swift */ = {isa = PBXFileReference; fileEncoding = 4; lastKnownFileType = sourcecode.swift; path = CoreDataStackManager.swift; sourceTree = "<group>"; };
		F22052701CB3857D00507FCC /* Model.xcdatamodel */ = {isa = PBXFileReference; lastKnownFileType = wrapper.xcdatamodel; path = Model.xcdatamodel; sourceTree = "<group>"; };
		F22052721CB385C600507FCC /* Pin.swift */ = {isa = PBXFileReference; fileEncoding = 4; lastKnownFileType = sourcecode.swift; path = Pin.swift; sourceTree = "<group>"; };
		F231CCDD1CBB248500A91D3B /* PhotoCollectionViewCell.swift */ = {isa = PBXFileReference; fileEncoding = 4; lastKnownFileType = sourcecode.swift; path = PhotoCollectionViewCell.swift; sourceTree = "<group>"; };
		F2475FD21CB9DEE000332349 /* FlickrClient.swift */ = {isa = PBXFileReference; fileEncoding = 4; lastKnownFileType = sourcecode.swift; path = FlickrClient.swift; sourceTree = "<group>"; };
		F2475FD41CB9DF7200332349 /* FlickrConstants.swift */ = {isa = PBXFileReference; fileEncoding = 4; lastKnownFileType = sourcecode.swift; path = FlickrConstants.swift; sourceTree = "<group>"; };
		F25527671CBBEBCA0018F0DA /* Photo.swift */ = {isa = PBXFileReference; fileEncoding = 4; lastKnownFileType = sourcecode.swift; path = Photo.swift; sourceTree = "<group>"; };
		F257DDC51CC41B3D00F84373 /* GCDBlackBox.swift */ = {isa = PBXFileReference; fileEncoding = 4; lastKnownFileType = sourcecode.swift; path = GCDBlackBox.swift; sourceTree = "<group>"; };
		F29842F51CB4CF8D00423576 /* PhotoAlbumViewController.swift */ = {isa = PBXFileReference; fileEncoding = 4; lastKnownFileType = sourcecode.swift; path = PhotoAlbumViewController.swift; sourceTree = "<group>"; };
		F2F549931CBD38E0001D6080 /* ImageCache.swift */ = {isa = PBXFileReference; fileEncoding = 4; lastKnownFileType = sourcecode.swift; path = ImageCache.swift; sourceTree = "<group>"; };
/* End PBXFileReference section */

/* Begin PBXFrameworksBuildPhase section */
		F22052531CB37D6B00507FCC /* Frameworks */ = {
			isa = PBXFrameworksBuildPhase;
			buildActionMask = 2147483647;
			files = (
				F220526C1CB37DCB00507FCC /* MapKit.framework in Frameworks */,
			);
			runOnlyForDeploymentPostprocessing = 0;
		};
/* End PBXFrameworksBuildPhase section */

/* Begin PBXGroup section */
		F220524D1CB37D6B00507FCC = {
			isa = PBXGroup;
			children = (
				F220526B1CB37DCB00507FCC /* MapKit.framework */,
				F22052581CB37D6B00507FCC /* VirtualTourist */,
				F22052571CB37D6B00507FCC /* Products */,
			);
			sourceTree = "<group>";
		};
		F22052571CB37D6B00507FCC /* Products */ = {
			isa = PBXGroup;
			children = (
				F22052561CB37D6B00507FCC /* VirtualTourist.app */,
			);
			name = Products;
			sourceTree = "<group>";
		};
		F22052581CB37D6B00507FCC /* VirtualTourist */ = {
			isa = PBXGroup;
			children = (
				F22052591CB37D6B00507FCC /* AppDelegate.swift */,
				F22052751CB38F2800507FCC /* Model */,
				F231CCDF1CBB248D00A91D3B /* View */,
				F22052741CB38F1F00507FCC /* Controller */,
				F220525D1CB37D6B00507FCC /* Main.storyboard */,
				F22052601CB37D6B00507FCC /* Assets.xcassets */,
				F22052621CB37D6B00507FCC /* LaunchScreen.storyboard */,
				F22052651CB37D6B00507FCC /* Info.plist */,
			);
			path = VirtualTourist;
			sourceTree = "<group>";
		};
		F22052741CB38F1F00507FCC /* Controller */ = {
			isa = PBXGroup;
			children = (
				F220525B1CB37D6B00507FCC /* TravelLocationMapViewController.swift */,
				F29842F51CB4CF8D00423576 /* PhotoAlbumViewController.swift */,
			);
			name = Controller;
			sourceTree = "<group>";
		};
		F22052751CB38F2800507FCC /* Model */ = {
			isa = PBXGroup;
			children = (
				F2475FD11CB9D0A700332349 /* Client */,
				F2475FD01CB9D08D00332349 /* Data Objects */,
			);
			name = Model;
			sourceTree = "<group>";
		};
		F231CCDF1CBB248D00A91D3B /* View */ = {
			isa = PBXGroup;
			children = (
				F231CCDD1CBB248500A91D3B /* PhotoCollectionViewCell.swift */,
				F257DDC51CC41B3D00F84373 /* GCDBlackBox.swift */,
			);
			name = View;
			sourceTree = "<group>";
		};
		F2475FD01CB9D08D00332349 /* Data Objects */ = {
			isa = PBXGroup;
			children = (
				F22052721CB385C600507FCC /* Pin.swift */,
				F25527671CBBEBCA0018F0DA /* Photo.swift */,
				F220526D1CB3853900507FCC /* CoreDataStackManager.swift */,
				F220526F1CB3857D00507FCC /* Model.xcdatamodeld */,
				F2F549931CBD38E0001D6080 /* ImageCache.swift */,
			);
			name = "Data Objects";
			sourceTree = "<group>";
		};
		F2475FD11CB9D0A700332349 /* Client */ = {
			isa = PBXGroup;
			children = (
				F2475FD21CB9DEE000332349 /* FlickrClient.swift */,
				F2475FD41CB9DF7200332349 /* FlickrConstants.swift */,
			);
			name = Client;
			sourceTree = "<group>";
		};
/* End PBXGroup section */

/* Begin PBXNativeTarget section */
		F22052551CB37D6B00507FCC /* VirtualTourist */ = {
			isa = PBXNativeTarget;
			buildConfigurationList = F22052681CB37D6B00507FCC /* Build configuration list for PBXNativeTarget "VirtualTourist" */;
			buildPhases = (
				F22052521CB37D6B00507FCC /* Sources */,
				F22052531CB37D6B00507FCC /* Frameworks */,
				F22052541CB37D6B00507FCC /* Resources */,
			);
			buildRules = (
			);
			dependencies = (
			);
			name = VirtualTourist;
			productName = VirtualTourist;
			productReference = F22052561CB37D6B00507FCC /* VirtualTourist.app */;
			productType = "com.apple.product-type.application";
		};
/* End PBXNativeTarget section */

/* Begin PBXProject section */
		F220524E1CB37D6B00507FCC /* Project object */ = {
			isa = PBXProject;
			attributes = {
				LastSwiftUpdateCheck = 0730;
				LastUpgradeCheck = 0730;
				ORGANIZATIONNAME = "Chris Garvey";
				TargetAttributes = {
					F22052551CB37D6B00507FCC = {
						CreatedOnToolsVersion = 7.3;
						DevelopmentTeam = BTP3X89UY3;
					};
				};
			};
			buildConfigurationList = F22052511CB37D6B00507FCC /* Build configuration list for PBXProject "VirtualTourist" */;
			compatibilityVersion = "Xcode 3.2";
			developmentRegion = English;
			hasScannedForEncodings = 0;
			knownRegions = (
				en,
				Base,
			);
			mainGroup = F220524D1CB37D6B00507FCC;
			productRefGroup = F22052571CB37D6B00507FCC /* Products */;
			projectDirPath = "";
			projectRoot = "";
			targets = (
				F22052551CB37D6B00507FCC /* VirtualTourist */,
			);
		};
/* End PBXProject section */

/* Begin PBXResourcesBuildPhase section */
		F22052541CB37D6B00507FCC /* Resources */ = {
			isa = PBXResourcesBuildPhase;
			buildActionMask = 2147483647;
			files = (
				F22052641CB37D6B00507FCC /* LaunchScreen.storyboard in Resources */,
				F22052611CB37D6B00507FCC /* Assets.xcassets in Resources */,
				F220525F1CB37D6B00507FCC /* Main.storyboard in Resources */,
			);
			runOnlyForDeploymentPostprocessing = 0;
		};
/* End PBXResourcesBuildPhase section */

/* Begin PBXSourcesBuildPhase section */
		F22052521CB37D6B00507FCC /* Sources */ = {
			isa = PBXSourcesBuildPhase;
			buildActionMask = 2147483647;
			files = (
				F2475FD51CB9DF7200332349 /* FlickrConstants.swift in Sources */,
				F231CCDE1CBB248500A91D3B /* PhotoCollectionViewCell.swift in Sources */,
				F22052731CB385C600507FCC /* Pin.swift in Sources */,
				F220525C1CB37D6B00507FCC /* TravelLocationMapViewController.swift in Sources */,
				F257DDC61CC41B3D00F84373 /* GCDBlackBox.swift in Sources */,
				F2475FD31CB9DEE000332349 /* FlickrClient.swift in Sources */,
				F220525A1CB37D6B00507FCC /* AppDelegate.swift in Sources */,
				F2F549941CBD38E0001D6080 /* ImageCache.swift in Sources */,
				F220526E1CB3853900507FCC /* CoreDataStackManager.swift in Sources */,
				F25527681CBBEBCA0018F0DA /* Photo.swift in Sources */,
				F22052711CB3857D00507FCC /* Model.xcdatamodeld in Sources */,
				F29842F61CB4CF8D00423576 /* PhotoAlbumViewController.swift in Sources */,
			);
			runOnlyForDeploymentPostprocessing = 0;
		};
/* End PBXSourcesBuildPhase section */

/* Begin PBXVariantGroup section */
		F220525D1CB37D6B00507FCC /* Main.storyboard */ = {
			isa = PBXVariantGroup;
			children = (
				F220525E1CB37D6B00507FCC /* Base */,
			);
			name = Main.storyboard;
			sourceTree = "<group>";
		};
		F22052621CB37D6B00507FCC /* LaunchScreen.storyboard */ = {
			isa = PBXVariantGroup;
			children = (
				F22052631CB37D6B00507FCC /* Base */,
			);
			name = LaunchScreen.storyboard;
			sourceTree = "<group>";
		};
/* End PBXVariantGroup section */

/* Begin XCBuildConfiguration section */
		F22052661CB37D6B00507FCC /* Debug */ = {
			isa = XCBuildConfiguration;
			buildSettings = {
				ALWAYS_SEARCH_USER_PATHS = NO;
				CLANG_ANALYZER_NONNULL = YES;
				CLANG_CXX_LANGUAGE_STANDARD = "gnu++0x";
				CLANG_CXX_LIBRARY = "libc++";
				CLANG_ENABLE_MODULES = YES;
				CLANG_ENABLE_OBJC_ARC = YES;
				CLANG_WARN_BOOL_CONVERSION = YES;
				CLANG_WARN_CONSTANT_CONVERSION = YES;
				CLANG_WARN_DIRECT_OBJC_ISA_USAGE = YES_ERROR;
				CLANG_WARN_EMPTY_BODY = YES;
				CLANG_WARN_ENUM_CONVERSION = YES;
				CLANG_WARN_INT_CONVERSION = YES;
				CLANG_WARN_OBJC_ROOT_CLASS = YES_ERROR;
				CLANG_WARN_UNREACHABLE_CODE = YES;
				CLANG_WARN__DUPLICATE_METHOD_MATCH = YES;
				"CODE_SIGN_IDENTITY[sdk=iphoneos*]" = "iPhone Developer";
				COPY_PHASE_STRIP = NO;
				DEBUG_INFORMATION_FORMAT = dwarf;
				ENABLE_STRICT_OBJC_MSGSEND = YES;
				ENABLE_TESTABILITY = YES;
				GCC_C_LANGUAGE_STANDARD = gnu99;
				GCC_DYNAMIC_NO_PIC = NO;
				GCC_NO_COMMON_BLOCKS = YES;
				GCC_OPTIMIZATION_LEVEL = 0;
				GCC_PREPROCESSOR_DEFINITIONS = (
					"DEBUG=1",
					"$(inherited)",
				);
				GCC_WARN_64_TO_32_BIT_CONVERSION = YES;
				GCC_WARN_ABOUT_RETURN_TYPE = YES_ERROR;
				GCC_WARN_UNDECLARED_SELECTOR = YES;
				GCC_WARN_UNINITIALIZED_AUTOS = YES_AGGRESSIVE;
				GCC_WARN_UNUSED_FUNCTION = YES;
				GCC_WARN_UNUSED_VARIABLE = YES;
				IPHONEOS_DEPLOYMENT_TARGET = 9.3;
				MTL_ENABLE_DEBUG_INFO = YES;
				ONLY_ACTIVE_ARCH = YES;
				SDKROOT = iphoneos;
				SWIFT_OPTIMIZATION_LEVEL = "-Onone";
			};
			name = Debug;
		};
		F22052671CB37D6B00507FCC /* Release */ = {
			isa = XCBuildConfiguration;
			buildSettings = {
				ALWAYS_SEARCH_USER_PATHS = NO;
				CLANG_ANALYZER_NONNULL = YES;
				CLANG_CXX_LANGUAGE_STANDARD = "gnu++0x";
				CLANG_CXX_LIBRARY = "libc++";
				CLANG_ENABLE_MODULES = YES;
				CLANG_ENABLE_OBJC_ARC = YES;
				CLANG_WARN_BOOL_CONVERSION = YES;
				CLANG_WARN_CONSTANT_CONVERSION = YES;
				CLANG_WARN_DIRECT_OBJC_ISA_USAGE = YES_ERROR;
				CLANG_WARN_EMPTY_BODY = YES;
				CLANG_WARN_ENUM_CONVERSION = YES;
				CLANG_WARN_INT_CONVERSION = YES;
				CLANG_WARN_OBJC_ROOT_CLASS = YES_ERROR;
				CLANG_WARN_UNREACHABLE_CODE = YES;
				CLANG_WARN__DUPLICATE_METHOD_MATCH = YES;
				"CODE_SIGN_IDENTITY[sdk=iphoneos*]" = "iPhone Developer";
				COPY_PHASE_STRIP = NO;
				DEBUG_INFORMATION_FORMAT = "dwarf-with-dsym";
				ENABLE_NS_ASSERTIONS = NO;
				ENABLE_STRICT_OBJC_MSGSEND = YES;
				GCC_C_LANGUAGE_STANDARD = gnu99;
				GCC_NO_COMMON_BLOCKS = YES;
				GCC_WARN_64_TO_32_BIT_CONVERSION = YES;
				GCC_WARN_ABOUT_RETURN_TYPE = YES_ERROR;
				GCC_WARN_UNDECLARED_SELECTOR = YES;
				GCC_WARN_UNINITIALIZED_AUTOS = YES_AGGRESSIVE;
				GCC_WARN_UNUSED_FUNCTION = YES;
				GCC_WARN_UNUSED_VARIABLE = YES;
				IPHONEOS_DEPLOYMENT_TARGET = 9.3;
				MTL_ENABLE_DEBUG_INFO = NO;
				SDKROOT = iphoneos;
				VALIDATE_PRODUCT = YES;
			};
			name = Release;
		};
		F22052691CB37D6B00507FCC /* Debug */ = {
			isa = XCBuildConfiguration;
			buildSettings = {
				ASSETCATALOG_COMPILER_APPICON_NAME = AppIcon;
				CODE_SIGN_IDENTITY = "iPhone Developer";
				"CODE_SIGN_IDENTITY[sdk=iphoneos*]" = "iPhone Developer";
				INFOPLIST_FILE = VirtualTourist/Info.plist;
				LD_RUNPATH_SEARCH_PATHS = "$(inherited) @executable_path/Frameworks";
				PRODUCT_BUNDLE_IDENTIFIER = com.fantasy.VirtualTourist;
				PRODUCT_NAME = "$(TARGET_NAME)";
				PROVISIONING_PROFILE = "";
			};
			name = Debug;
		};
		F220526A1CB37D6B00507FCC /* Release */ = {
			isa = XCBuildConfiguration;
			buildSettings = {
				ASSETCATALOG_COMPILER_APPICON_NAME = AppIcon;
				CODE_SIGN_IDENTITY = "iPhone Developer";
				"CODE_SIGN_IDENTITY[sdk=iphoneos*]" = "iPhone Developer";
				INFOPLIST_FILE = VirtualTourist/Info.plist;
				LD_RUNPATH_SEARCH_PATHS = "$(inherited) @executable_path/Frameworks";
				PRODUCT_BUNDLE_IDENTIFIER = com.fantasy.VirtualTourist;
				PRODUCT_NAME = "$(TARGET_NAME)";
				PROVISIONING_PROFILE = "";
			};
			name = Release;
		};
/* End XCBuildConfiguration section */

/* Begin XCConfigurationList section */
		F22052511CB37D6B00507FCC /* Build configuration list for PBXProject "VirtualTourist" */ = {
			isa = XCConfigurationList;
			buildConfigurations = (
				F22052661CB37D6B00507FCC /* Debug */,
				F22052671CB37D6B00507FCC /* Release */,
			);
			defaultConfigurationIsVisible = 0;
			defaultConfigurationName = Release;
		};
		F22052681CB37D6B00507FCC /* Build configuration list for PBXNativeTarget "VirtualTourist" */ = {
			isa = XCConfigurationList;
			buildConfigurations = (
				F22052691CB37D6B00507FCC /* Debug */,
				F220526A1CB37D6B00507FCC /* Release */,
			);
			defaultConfigurationIsVisible = 0;
			defaultConfigurationName = Release;
		};
/* End XCConfigurationList section */

/* Begin XCVersionGroup section */
		F220526F1CB3857D00507FCC /* Model.xcdatamodeld */ = {
			isa = XCVersionGroup;
			children = (
				F22052701CB3857D00507FCC /* Model.xcdatamodel */,
			);
			currentVersion = F22052701CB3857D00507FCC /* Model.xcdatamodel */;
			path = Model.xcdatamodeld;
			sourceTree = "<group>";
			versionGroupType = wrapper.xcdatamodel;
		};
/* End XCVersionGroup section */
	};
	rootObject = F220524E1CB37D6B00507FCC /* Project object */;
}
